
Microsoft Visual Studio Solution File, Format Version 12.00
# Visual Studio 15
VisualStudioVersion = 15.0.26124.0
MinimumVisualStudioVersion = 15.0.26124.0
Project("{2150E333-8FDC-42A3-9474-1A3956D46DE8}") = "Source", "Source", "{E7BA759C-12E1-480B-AD79-F59AF3AFD9AB}"
EndProject
Project("{FAE04EC0-301F-11D3-BF4B-00C04F79EFBC}") = "FlightTracker.Api", "Source\FlightTracker.Api\FlightTracker.Api.csproj", "{1E02B548-6453-472C-9F68-AFFE12EC2B26}"
EndProject
Project("{2150E333-8FDC-42A3-9474-1A3956D46DE8}") = "Test", "Test", "{FEC8DF66-8534-45A5-BD0B-FED3F8590325}"
EndProject
Project("{FAE04EC0-301F-11D3-BF4B-00C04F79EFBC}") = "FlightTracker.Api.Tests", "Test\FlightTracker.Api.Tests\FlightTracker.Api.Tests.csproj", "{452297F7-A836-44D2-85DB-70807DAAEE87}"
EndProject
Global
	GlobalSection(SolutionConfigurationPlatforms) = preSolution
		Debug|Any CPU = Debug|Any CPU
		Debug|x64 = Debug|x64
		Debug|x86 = Debug|x86
		Release|Any CPU = Release|Any CPU
		Release|x64 = Release|x64
		Release|x86 = Release|x86
	EndGlobalSection
	GlobalSection(SolutionProperties) = preSolution
		HideSolutionNode = FALSE
	EndGlobalSection
	GlobalSection(ProjectConfigurationPlatforms) = postSolution
		{1E02B548-6453-472C-9F68-AFFE12EC2B26}.Debug|Any CPU.ActiveCfg = Debug|Any CPU
		{1E02B548-6453-472C-9F68-AFFE12EC2B26}.Debug|Any CPU.Build.0 = Debug|Any CPU
		{1E02B548-6453-472C-9F68-AFFE12EC2B26}.Debug|x64.ActiveCfg = Debug|x64
		{1E02B548-6453-472C-9F68-AFFE12EC2B26}.Debug|x64.Build.0 = Debug|x64
		{1E02B548-6453-472C-9F68-AFFE12EC2B26}.Debug|x86.ActiveCfg = Debug|x86
		{1E02B548-6453-472C-9F68-AFFE12EC2B26}.Debug|x86.Build.0 = Debug|x86
		{1E02B548-6453-472C-9F68-AFFE12EC2B26}.Release|Any CPU.ActiveCfg = Release|Any CPU
		{1E02B548-6453-472C-9F68-AFFE12EC2B26}.Release|Any CPU.Build.0 = Release|Any CPU
		{1E02B548-6453-472C-9F68-AFFE12EC2B26}.Release|x64.ActiveCfg = Release|x64
		{1E02B548-6453-472C-9F68-AFFE12EC2B26}.Release|x64.Build.0 = Release|x64
		{1E02B548-6453-472C-9F68-AFFE12EC2B26}.Release|x86.ActiveCfg = Release|x86
		{1E02B548-6453-472C-9F68-AFFE12EC2B26}.Release|x86.Build.0 = Release|x86
		{00A9AD03-4441-45AF-8699-3F19AD5D91F1}.Debug|Any CPU.ActiveCfg = Debug|Any CPU
		{00A9AD03-4441-45AF-8699-3F19AD5D91F1}.Debug|Any CPU.Build.0 = Debug|Any CPU
		{00A9AD03-4441-45AF-8699-3F19AD5D91F1}.Debug|x64.ActiveCfg = Debug|x64
		{00A9AD03-4441-45AF-8699-3F19AD5D91F1}.Debug|x64.Build.0 = Debug|x64
		{00A9AD03-4441-45AF-8699-3F19AD5D91F1}.Debug|x86.ActiveCfg = Debug|x86
		{00A9AD03-4441-45AF-8699-3F19AD5D91F1}.Debug|x86.Build.0 = Debug|x86
		{00A9AD03-4441-45AF-8699-3F19AD5D91F1}.Release|Any CPU.ActiveCfg = Release|Any CPU
		{00A9AD03-4441-45AF-8699-3F19AD5D91F1}.Release|Any CPU.Build.0 = Release|Any CPU
		{00A9AD03-4441-45AF-8699-3F19AD5D91F1}.Release|x64.ActiveCfg = Release|x64
		{00A9AD03-4441-45AF-8699-3F19AD5D91F1}.Release|x64.Build.0 = Release|x64
		{00A9AD03-4441-45AF-8699-3F19AD5D91F1}.Release|x86.ActiveCfg = Release|x86
		{00A9AD03-4441-45AF-8699-3F19AD5D91F1}.Release|x86.Build.0 = Release|x86
		{452297F7-A836-44D2-85DB-70807DAAEE87}.Debug|Any CPU.ActiveCfg = Debug|Any CPU
		{452297F7-A836-44D2-85DB-70807DAAEE87}.Debug|Any CPU.Build.0 = Debug|Any CPU
		{452297F7-A836-44D2-85DB-70807DAAEE87}.Debug|x64.ActiveCfg = Debug|x64
		{452297F7-A836-44D2-85DB-70807DAAEE87}.Debug|x64.Build.0 = Debug|x64
		{452297F7-A836-44D2-85DB-70807DAAEE87}.Debug|x86.ActiveCfg = Debug|x86
		{452297F7-A836-44D2-85DB-70807DAAEE87}.Debug|x86.Build.0 = Debug|x86
		{452297F7-A836-44D2-85DB-70807DAAEE87}.Release|Any CPU.ActiveCfg = Release|Any CPU
		{452297F7-A836-44D2-85DB-70807DAAEE87}.Release|Any CPU.Build.0 = Release|Any CPU
		{452297F7-A836-44D2-85DB-70807DAAEE87}.Release|x64.ActiveCfg = Release|x64
		{452297F7-A836-44D2-85DB-70807DAAEE87}.Release|x64.Build.0 = Release|x64
		{452297F7-A836-44D2-85DB-70807DAAEE87}.Release|x86.ActiveCfg = Release|x86
		{452297F7-A836-44D2-85DB-70807DAAEE87}.Release|x86.Build.0 = Release|x86
	EndGlobalSection
	GlobalSection(NestedProjects) = preSolution
		{1E02B548-6453-472C-9F68-AFFE12EC2B26} = {E7BA759C-12E1-480B-AD79-F59AF3AFD9AB}
		{00A9AD03-4441-45AF-8699-3F19AD5D91F1} = {F32B90DC-FD09-4928-9854-8A9858B13DD5}
		{452297F7-A836-44D2-85DB-70807DAAEE87} = {FEC8DF66-8534-45A5-BD0B-FED3F8590325}
	EndGlobalSection
EndGlobal
